
Microsoft Visual Studio Solution File, Format Version 12.00
# Visual Studio Version 17
VisualStudioVersion = 17.13.35825.156 d17.13
MinimumVisualStudioVersion = 10.0.40219.1
Project("{FAE04EC0-301F-11D3-BF4B-00C04F79EFBC}") = "duplicate", "duplicate\duplicate.csproj", "{035B327B-92AC-48AF-8E61-47B784F51E19}"
EndProject
Global
	GlobalSection(SolutionConfigurationPlatforms) = preSolution
		Debug|Any CPU = Debug|Any CPU
		Release|Any CPU = Release|Any CPU
	EndGlobalSection
	GlobalSection(ProjectConfigurationPlatforms) = postSolution
		{035B327B-92AC-48AF-8E61-47B784F51E19}.Debug|Any CPU.ActiveCfg = Debug|Any CPU
		{035B327B-92AC-48AF-8E61-47B784F51E19}.Debug|Any CPU.Build.0 = Debug|Any CPU
		{035B327B-92AC-48AF-8E61-47B784F51E19}.Release|Any CPU.ActiveCfg = Release|Any CPU
		{035B327B-92AC-48AF-8E61-47B784F51E19}.Release|Any CPU.Build.0 = Release|Any CPU
	EndGlobalSection
	GlobalSection(SolutionProperties) = preSolution
		HideSolutionNode = FALSE
	EndGlobalSection
	GlobalSection(ExtensibilityGlobals) = postSolution
		SolutionGuid = {1F20E79B-2E71-4D00-B621-9EE781C84D70}
	EndGlobalSection
EndGlobal
